
Microsoft Visual Studio Solution File, Format Version 12.00
# Visual Studio Version 16
VisualStudioVersion = 16.0.30011.22
MinimumVisualStudioVersion = 10.0.40219.1
Project("{FAE04EC0-301F-11D3-BF4B-00C04F79EFBC}") = "WebAPIwithEFandJWT", "WebAPIwithEFandJWT\WebAPIwithEFandJWT.csproj", "{16C86661-E8E3-419C-813A-0C4629856131}"
EndProject
Global
	GlobalSection(SolutionConfigurationPlatforms) = preSolution
		Debug|Any CPU = Debug|Any CPU
		Release|Any CPU = Release|Any CPU
	EndGlobalSection
	GlobalSection(ProjectConfigurationPlatforms) = postSolution
		{16C86661-E8E3-419C-813A-0C4629856131}.Debug|Any CPU.ActiveCfg = Debug|Any CPU
		{16C86661-E8E3-419C-813A-0C4629856131}.Debug|Any CPU.Build.0 = Debug|Any CPU
		{16C86661-E8E3-419C-813A-0C4629856131}.Release|Any CPU.ActiveCfg = Release|Any CPU
		{16C86661-E8E3-419C-813A-0C4629856131}.Release|Any CPU.Build.0 = Release|Any CPU
	EndGlobalSection
	GlobalSection(SolutionProperties) = preSolution
		HideSolutionNode = FALSE
	EndGlobalSection
	GlobalSection(ExtensibilityGlobals) = postSolution
		SolutionGuid = {6383F9D1-713F-417A-9BF7-2B0E3DC34FA9}
	EndGlobalSection
EndGlobal
